// !$*UTF8*$!
{
	archiveVersion = 1;
	classes = {
	};
	objectVersion = 46;
	objects = {

/* Begin PBXBuildFile section */
		1D44D07415324A3500BADD37 /* JSMethodSwizzler.m in Sources */ = {isa = PBXBuildFile; fileRef = 1D44D07315324A3500BADD37 /* JSMethodSwizzler.m */; };
		1D44D07715324ABB00BADD37 /* JSClassDescendantOfClass.m in Sources */ = {isa = PBXBuildFile; fileRef = 1D44D07615324ABB00BADD37 /* JSClassDescendantOfClass.m */; };
		1D44D07B153251CD00BADD37 /* NSNumber+RandomValues.m in Sources */ = {isa = PBXBuildFile; fileRef = 1D44D07A153251CD00BADD37 /* NSNumber+RandomValues.m */; };
		1D44D07E1532520100BADD37 /* NSDate+RandomValues.m in Sources */ = {isa = PBXBuildFile; fileRef = 1D44D07D1532520100BADD37 /* NSDate+RandomValues.m */; };
		1D44D0811532524F00BADD37 /* NSString+RandomValues.m in Sources */ = {isa = PBXBuildFile; fileRef = 1D44D0801532524F00BADD37 /* NSString+RandomValues.m */; };
		1D44D0EA1532553A00BADD37 /* AFHTTPClient.m in Sources */ = {isa = PBXBuildFile; fileRef = 1D44D0851532553A00BADD37 /* AFHTTPClient.m */; };
		1D44D0EB1532553A00BADD37 /* AFHTTPRequestOperation.m in Sources */ = {isa = PBXBuildFile; fileRef = 1D44D0871532553A00BADD37 /* AFHTTPRequestOperation.m */; };
		1D44D0EC1532553A00BADD37 /* AFImageRequestOperation.m in Sources */ = {isa = PBXBuildFile; fileRef = 1D44D0891532553A00BADD37 /* AFImageRequestOperation.m */; };
		1D44D0ED1532553A00BADD37 /* AFJSONRequestOperation.m in Sources */ = {isa = PBXBuildFile; fileRef = 1D44D08B1532553A00BADD37 /* AFJSONRequestOperation.m */; };
		1D44D0EE1532553A00BADD37 /* AFJSONUtilities.m in Sources */ = {isa = PBXBuildFile; fileRef = 1D44D08D1532553A00BADD37 /* AFJSONUtilities.m */; };
		1D44D0EF1532553A00BADD37 /* AFNetworkActivityIndicatorManager.m in Sources */ = {isa = PBXBuildFile; fileRef = 1D44D08F1532553A00BADD37 /* AFNetworkActivityIndicatorManager.m */; };
		1D44D0F01532553A00BADD37 /* AFPropertyListRequestOperation.m in Sources */ = {isa = PBXBuildFile; fileRef = 1D44D0921532553A00BADD37 /* AFPropertyListRequestOperation.m */; };
		1D44D0F11532553A00BADD37 /* AFURLConnectionOperation.m in Sources */ = {isa = PBXBuildFile; fileRef = 1D44D0941532553A00BADD37 /* AFURLConnectionOperation.m */; };
		1D44D0F21532553A00BADD37 /* AFXMLRequestOperation.m in Sources */ = {isa = PBXBuildFile; fileRef = 1D44D0961532553A00BADD37 /* AFXMLRequestOperation.m */; };
		1D44D0F31532553A00BADD37 /* UIImageView+AFNetworking.m in Sources */ = {isa = PBXBuildFile; fileRef = 1D44D0981532553A00BADD37 /* UIImageView+AFNetworking.m */; };
		1D44D1241532566500BADD37 /* .gitignore in Resources */ = {isa = PBXBuildFile; fileRef = 1D44D11C1532566500BADD37 /* .gitignore */; };
		1D44D1251532566500BADD37 /* .gitmodules in Resources */ = {isa = PBXBuildFile; fileRef = 1D44D11D1532566500BADD37 /* .gitmodules */; };
		1D44D1261532566500BADD37 /* JSCache.m in Sources */ = {isa = PBXBuildFile; fileRef = 1D44D11F1532566500BADD37 /* JSCache.m */; };
		1D44D1271532566500BADD37 /* EGOCache.m in Sources */ = {isa = PBXBuildFile; fileRef = 1D44D1231532566500BADD37 /* EGOCache.m */; };
		1D8448AA1532443000F99DE1 /* UIKit.framework in Frameworks */ = {isa = PBXBuildFile; fileRef = 1D8448A91532443000F99DE1 /* UIKit.framework */; };
		1D8448AC1532443000F99DE1 /* Foundation.framework in Frameworks */ = {isa = PBXBuildFile; fileRef = 1D8448AB1532443000F99DE1 /* Foundation.framework */; };
		1D8448AE1532443000F99DE1 /* CoreGraphics.framework in Frameworks */ = {isa = PBXBuildFile; fileRef = 1D8448AD1532443000F99DE1 /* CoreGraphics.framework */; };
		1D8448B01532443000F99DE1 /* CoreData.framework in Frameworks */ = {isa = PBXBuildFile; fileRef = 1D8448AF1532443000F99DE1 /* CoreData.framework */; };
		1D8448B61532443000F99DE1 /* InfoPlist.strings in Resources */ = {isa = PBXBuildFile; fileRef = 1D8448B41532443000F99DE1 /* InfoPlist.strings */; };
		1D8448B81532443000F99DE1 /* main.m in Sources */ = {isa = PBXBuildFile; fileRef = 1D8448B71532443000F99DE1 /* main.m */; };
		1D8448BC1532443000F99DE1 /* JSAppDelegate.m in Sources */ = {isa = PBXBuildFile; fileRef = 1D8448BB1532443000F99DE1 /* JSAppDelegate.m */; };
		1D8448BF1532443000F99DE1 /* JSRestNetworkKitSampleProject.xcdatamodeld in Sources */ = {isa = PBXBuildFile; fileRef = 1D8448BD1532443000F99DE1 /* JSRestNetworkKitSampleProject.xcdatamodeld */; };
		1D963230153248BC00501145 /* ReachabilityService.m in Sources */ = {isa = PBXBuildFile; fileRef = 1D9631F2153248BC00501145 /* ReachabilityService.m */; };
		1D963231153248BC00501145 /* WebServiceProxy.m in Sources */ = {isa = PBXBuildFile; fileRef = 1D9631F3153248BC00501145 /* WebServiceProxy.m */; };
		1D963232153248BC00501145 /* WebServiceRequest.m in Sources */ = {isa = PBXBuildFile; fileRef = 1D9631F4153248BC00501145 /* WebServiceRequest.m */; };
		1D963234153248BC00501145 /* WebServiceRequestParameters.m in Sources */ = {isa = PBXBuildFile; fileRef = 1D9631F6153248BC00501145 /* WebServiceRequestParameters.m */; };
		1D963235153248BC00501145 /* WebServiceRequestRetryQueue.m in Sources */ = {isa = PBXBuildFile; fileRef = 1D9631F7153248BC00501145 /* WebServiceRequestRetryQueue.m */; };
		1D963236153248BC00501145 /* WebServiceResponse.m in Sources */ = {isa = PBXBuildFile; fileRef = 1D9631F8153248BC00501145 /* WebServiceResponse.m */; };
		1D963237153248BC00501145 /* BaseCoreDataBackedEntity.m in Sources */ = {isa = PBXBuildFile; fileRef = 1D9631FB153248BC00501145 /* BaseCoreDataBackedEntity.m */; };
		1D963238153248BC00501145 /* BaseEntity.m in Sources */ = {isa = PBXBuildFile; fileRef = 1D9631FD153248BC00501145 /* BaseEntity.m */; };
		1D963239153248BC00501145 /* EntityProperty.m in Sources */ = {isa = PBXBuildFile; fileRef = 1D963200153248BC00501145 /* EntityProperty.m */; };
		1D96323A153248BC00501145 /* EntityPropertyBool.m in Sources */ = {isa = PBXBuildFile; fileRef = 1D963202153248BC00501145 /* EntityPropertyBool.m */; };
		1D96323B153248BC00501145 /* EntityPropertyDate.m in Sources */ = {isa = PBXBuildFile; fileRef = 1D963204153248BC00501145 /* EntityPropertyDate.m */; };
		1D96323C153248BC00501145 /* EntityPropertyFloat.m in Sources */ = {isa = PBXBuildFile; fileRef = 1D963206153248BC00501145 /* EntityPropertyFloat.m */; };
		1D96323D153248BC00501145 /* EntityPropertyGender.m in Sources */ = {isa = PBXBuildFile; fileRef = 1D963208153248BC00501145 /* EntityPropertyGender.m */; };
		1D96323E153248BC00501145 /* EntityPropertyInt.m in Sources */ = {isa = PBXBuildFile; fileRef = 1D96320A153248BC00501145 /* EntityPropertyInt.m */; };
		1D963240153248BC00501145 /* EntityPropertyRelationshipOneToMany.m in Sources */ = {isa = PBXBuildFile; fileRef = 1D96320E153248BC00501145 /* EntityPropertyRelationshipOneToMany.m */; };
		1D963241153248BC00501145 /* EntityPropertyRelationshipOneToOne.m in Sources */ = {isa = PBXBuildFile; fileRef = 1D963210153248BC00501145 /* EntityPropertyRelationshipOneToOne.m */; };
		1D963242153248BC00501145 /* EntityPropertyString.m in Sources */ = {isa = PBXBuildFile; fileRef = 1D963212153248BC00501145 /* EntityPropertyString.m */; };
		1D963243153248BC00501145 /* EntityPropertyURL.m in Sources */ = {isa = PBXBuildFile; fileRef = 1D963214153248BC00501145 /* EntityPropertyURL.m */; };
		1D963245153248BC00501145 /* WebServiceProxyMock.m in Sources */ = {isa = PBXBuildFile; fileRef = 1D96321A153248BC00501145 /* WebServiceProxyMock.m */; };
		1D963246153248BC00501145 /* WebServiceRequestMock.m in Sources */ = {isa = PBXBuildFile; fileRef = 1D96321C153248BC00501145 /* WebServiceRequestMock.m */; };
		1D963247153248BC00501145 /* Reachability.m in Sources */ = {isa = PBXBuildFile; fileRef = 1D96321F153248BC00501145 /* Reachability.m */; };
/* End PBXBuildFile section */

/* Begin PBXFileReference section */
		1D44D07215324A3500BADD37 /* JSMethodSwizzler.h */ = {isa = PBXFileReference; fileEncoding = 4; lastKnownFileType = sourcecode.c.h; name = JSMethodSwizzler.h; path = JSRestNetworkKit/Support/JSMethodSwizzler.h; sourceTree = SOURCE_ROOT; };
		1D44D07315324A3500BADD37 /* JSMethodSwizzler.m */ = {isa = PBXFileReference; fileEncoding = 4; lastKnownFileType = sourcecode.c.objc; name = JSMethodSwizzler.m; path = JSRestNetworkKit/Support/JSMethodSwizzler.m; sourceTree = SOURCE_ROOT; };
		1D44D07515324ABB00BADD37 /* JSClassDescendantOfClass.h */ = {isa = PBXFileReference; fileEncoding = 4; lastKnownFileType = sourcecode.c.h; name = JSClassDescendantOfClass.h; path = JSRestNetworkKit/Support/JSClassDescendantOfClass.h; sourceTree = SOURCE_ROOT; };
		1D44D07615324ABB00BADD37 /* JSClassDescendantOfClass.m */ = {isa = PBXFileReference; fileEncoding = 4; lastKnownFileType = sourcecode.c.objc; name = JSClassDescendantOfClass.m; path = JSRestNetworkKit/Support/JSClassDescendantOfClass.m; sourceTree = SOURCE_ROOT; };
		1D44D079153251CD00BADD37 /* NSNumber+RandomValues.h */ = {isa = PBXFileReference; fileEncoding = 4; lastKnownFileType = sourcecode.c.h; name = "NSNumber+RandomValues.h"; path = "JSRestNetworkKit/Support/Categories/NSNumber+RandomValues.h"; sourceTree = SOURCE_ROOT; };
		1D44D07A153251CD00BADD37 /* NSNumber+RandomValues.m */ = {isa = PBXFileReference; fileEncoding = 4; lastKnownFileType = sourcecode.c.objc; name = "NSNumber+RandomValues.m"; path = "JSRestNetworkKit/Support/Categories/NSNumber+RandomValues.m"; sourceTree = SOURCE_ROOT; };
		1D44D07C1532520100BADD37 /* NSDate+RandomValues.h */ = {isa = PBXFileReference; fileEncoding = 4; lastKnownFileType = sourcecode.c.h; name = "NSDate+RandomValues.h"; path = "JSRestNetworkKit/Support/Categories/NSDate+RandomValues.h"; sourceTree = SOURCE_ROOT; };
		1D44D07D1532520100BADD37 /* NSDate+RandomValues.m */ = {isa = PBXFileReference; fileEncoding = 4; lastKnownFileType = sourcecode.c.objc; name = "NSDate+RandomValues.m"; path = "JSRestNetworkKit/Support/Categories/NSDate+RandomValues.m"; sourceTree = SOURCE_ROOT; };
		1D44D07F1532524F00BADD37 /* NSString+RandomValues.h */ = {isa = PBXFileReference; fileEncoding = 4; lastKnownFileType = sourcecode.c.h; name = "NSString+RandomValues.h"; path = "JSRestNetworkKit/Support/Categories/NSString+RandomValues.h"; sourceTree = SOURCE_ROOT; };
		1D44D0801532524F00BADD37 /* NSString+RandomValues.m */ = {isa = PBXFileReference; fileEncoding = 4; lastKnownFileType = sourcecode.c.objc; name = "NSString+RandomValues.m"; path = "JSRestNetworkKit/Support/Categories/NSString+RandomValues.m"; sourceTree = SOURCE_ROOT; };
		1D44D0841532553A00BADD37 /* AFHTTPClient.h */ = {isa = PBXFileReference; fileEncoding = 4; lastKnownFileType = sourcecode.c.h; path = AFHTTPClient.h; sourceTree = "<group>"; };
		1D44D0851532553A00BADD37 /* AFHTTPClient.m */ = {isa = PBXFileReference; fileEncoding = 4; lastKnownFileType = sourcecode.c.objc; path = AFHTTPClient.m; sourceTree = "<group>"; };
		1D44D0861532553A00BADD37 /* AFHTTPRequestOperation.h */ = {isa = PBXFileReference; fileEncoding = 4; lastKnownFileType = sourcecode.c.h; path = AFHTTPRequestOperation.h; sourceTree = "<group>"; };
		1D44D0871532553A00BADD37 /* AFHTTPRequestOperation.m */ = {isa = PBXFileReference; fileEncoding = 4; lastKnownFileType = sourcecode.c.objc; path = AFHTTPRequestOperation.m; sourceTree = "<group>"; };
		1D44D0881532553A00BADD37 /* AFImageRequestOperation.h */ = {isa = PBXFileReference; fileEncoding = 4; lastKnownFileType = sourcecode.c.h; path = AFImageRequestOperation.h; sourceTree = "<group>"; };
		1D44D0891532553A00BADD37 /* AFImageRequestOperation.m */ = {isa = PBXFileReference; fileEncoding = 4; lastKnownFileType = sourcecode.c.objc; path = AFImageRequestOperation.m; sourceTree = "<group>"; };
		1D44D08A1532553A00BADD37 /* AFJSONRequestOperation.h */ = {isa = PBXFileReference; fileEncoding = 4; lastKnownFileType = sourcecode.c.h; path = AFJSONRequestOperation.h; sourceTree = "<group>"; };
		1D44D08B1532553A00BADD37 /* AFJSONRequestOperation.m */ = {isa = PBXFileReference; fileEncoding = 4; lastKnownFileType = sourcecode.c.objc; path = AFJSONRequestOperation.m; sourceTree = "<group>"; };
		1D44D08C1532553A00BADD37 /* AFJSONUtilities.h */ = {isa = PBXFileReference; fileEncoding = 4; lastKnownFileType = sourcecode.c.h; path = AFJSONUtilities.h; sourceTree = "<group>"; };
		1D44D08D1532553A00BADD37 /* AFJSONUtilities.m */ = {isa = PBXFileReference; fileEncoding = 4; lastKnownFileType = sourcecode.c.objc; path = AFJSONUtilities.m; sourceTree = "<group>"; };
		1D44D08E1532553A00BADD37 /* AFNetworkActivityIndicatorManager.h */ = {isa = PBXFileReference; fileEncoding = 4; lastKnownFileType = sourcecode.c.h; path = AFNetworkActivityIndicatorManager.h; sourceTree = "<group>"; };
		1D44D08F1532553A00BADD37 /* AFNetworkActivityIndicatorManager.m */ = {isa = PBXFileReference; fileEncoding = 4; lastKnownFileType = sourcecode.c.objc; path = AFNetworkActivityIndicatorManager.m; sourceTree = "<group>"; };
		1D44D0901532553A00BADD37 /* AFNetworking.h */ = {isa = PBXFileReference; fileEncoding = 4; lastKnownFileType = sourcecode.c.h; path = AFNetworking.h; sourceTree = "<group>"; };
		1D44D0911532553A00BADD37 /* AFPropertyListRequestOperation.h */ = {isa = PBXFileReference; fileEncoding = 4; lastKnownFileType = sourcecode.c.h; path = AFPropertyListRequestOperation.h; sourceTree = "<group>"; };
		1D44D0921532553A00BADD37 /* AFPropertyListRequestOperation.m */ = {isa = PBXFileReference; fileEncoding = 4; lastKnownFileType = sourcecode.c.objc; path = AFPropertyListRequestOperation.m; sourceTree = "<group>"; };
		1D44D0931532553A00BADD37 /* AFURLConnectionOperation.h */ = {isa = PBXFileReference; fileEncoding = 4; lastKnownFileType = sourcecode.c.h; path = AFURLConnectionOperation.h; sourceTree = "<group>"; };
		1D44D0941532553A00BADD37 /* AFURLConnectionOperation.m */ = {isa = PBXFileReference; fileEncoding = 4; lastKnownFileType = sourcecode.c.objc; path = AFURLConnectionOperation.m; sourceTree = "<group>"; };
		1D44D0951532553A00BADD37 /* AFXMLRequestOperation.h */ = {isa = PBXFileReference; fileEncoding = 4; lastKnownFileType = sourcecode.c.h; path = AFXMLRequestOperation.h; sourceTree = "<group>"; };
		1D44D0961532553A00BADD37 /* AFXMLRequestOperation.m */ = {isa = PBXFileReference; fileEncoding = 4; lastKnownFileType = sourcecode.c.objc; path = AFXMLRequestOperation.m; sourceTree = "<group>"; };
		1D44D0971532553A00BADD37 /* UIImageView+AFNetworking.h */ = {isa = PBXFileReference; fileEncoding = 4; lastKnownFileType = sourcecode.c.h; path = "UIImageView+AFNetworking.h"; sourceTree = "<group>"; };
		1D44D0981532553A00BADD37 /* UIImageView+AFNetworking.m */ = {isa = PBXFileReference; fileEncoding = 4; lastKnownFileType = sourcecode.c.objc; path = "UIImageView+AFNetworking.m"; sourceTree = "<group>"; };
		1D44D11C1532566500BADD37 /* .gitignore */ = {isa = PBXFileReference; fileEncoding = 4; lastKnownFileType = text; path = .gitignore; sourceTree = "<group>"; };
		1D44D11D1532566500BADD37 /* .gitmodules */ = {isa = PBXFileReference; fileEncoding = 4; lastKnownFileType = text; path = .gitmodules; sourceTree = "<group>"; };
		1D44D11E1532566500BADD37 /* JSCache.h */ = {isa = PBXFileReference; fileEncoding = 4; lastKnownFileType = sourcecode.c.h; path = JSCache.h; sourceTree = "<group>"; };
		1D44D11F1532566500BADD37 /* JSCache.m */ = {isa = PBXFileReference; fileEncoding = 4; lastKnownFileType = sourcecode.c.objc; path = JSCache.m; sourceTree = "<group>"; };
		1D44D1221532566500BADD37 /* EGOCache.h */ = {isa = PBXFileReference; fileEncoding = 4; lastKnownFileType = sourcecode.c.h; path = EGOCache.h; sourceTree = "<group>"; };
		1D44D1231532566500BADD37 /* EGOCache.m */ = {isa = PBXFileReference; fileEncoding = 4; lastKnownFileType = sourcecode.c.objc; path = EGOCache.m; sourceTree = "<group>"; };
		1D8448A51532443000F99DE1 /* JSRestNetworkKitSampleProject.app */ = {isa = PBXFileReference; explicitFileType = wrapper.application; includeInIndex = 0; path = JSRestNetworkKitSampleProject.app; sourceTree = BUILT_PRODUCTS_DIR; };
		1D8448A91532443000F99DE1 /* UIKit.framework */ = {isa = PBXFileReference; lastKnownFileType = wrapper.framework; name = UIKit.framework; path = System/Library/Frameworks/UIKit.framework; sourceTree = SDKROOT; };
		1D8448AB1532443000F99DE1 /* Foundation.framework */ = {isa = PBXFileReference; lastKnownFileType = wrapper.framework; name = Foundation.framework; path = System/Library/Frameworks/Foundation.framework; sourceTree = SDKROOT; };
		1D8448AD1532443000F99DE1 /* CoreGraphics.framework */ = {isa = PBXFileReference; lastKnownFileType = wrapper.framework; name = CoreGraphics.framework; path = System/Library/Frameworks/CoreGraphics.framework; sourceTree = SDKROOT; };
		1D8448AF1532443000F99DE1 /* CoreData.framework */ = {isa = PBXFileReference; lastKnownFileType = wrapper.framework; name = CoreData.framework; path = System/Library/Frameworks/CoreData.framework; sourceTree = SDKROOT; };
		1D8448B31532443000F99DE1 /* JSRestNetworkKitSampleProject-Info.plist */ = {isa = PBXFileReference; lastKnownFileType = text.plist.xml; path = "JSRestNetworkKitSampleProject-Info.plist"; sourceTree = "<group>"; };
		1D8448B51532443000F99DE1 /* en */ = {isa = PBXFileReference; lastKnownFileType = text.plist.strings; name = en; path = en.lproj/InfoPlist.strings; sourceTree = "<group>"; };
		1D8448B71532443000F99DE1 /* main.m */ = {isa = PBXFileReference; lastKnownFileType = sourcecode.c.objc; path = main.m; sourceTree = "<group>"; };
		1D8448B91532443000F99DE1 /* JSRestNetworkKitSampleProject-Prefix.pch */ = {isa = PBXFileReference; lastKnownFileType = sourcecode.c.h; path = "JSRestNetworkKitSampleProject-Prefix.pch"; sourceTree = "<group>"; };
		1D8448BA1532443000F99DE1 /* JSAppDelegate.h */ = {isa = PBXFileReference; lastKnownFileType = sourcecode.c.h; path = JSAppDelegate.h; sourceTree = "<group>"; };
		1D8448BB1532443000F99DE1 /* JSAppDelegate.m */ = {isa = PBXFileReference; lastKnownFileType = sourcecode.c.objc; path = JSAppDelegate.m; sourceTree = "<group>"; };
		1D8448BE1532443000F99DE1 /* JSRestNetworkKitSampleProject.xcdatamodel */ = {isa = PBXFileReference; lastKnownFileType = wrapper.xcdatamodel; path = JSRestNetworkKitSampleProject.xcdatamodel; sourceTree = "<group>"; };
		1D9631F2153248BC00501145 /* ReachabilityService.m */ = {isa = PBXFileReference; fileEncoding = 4; lastKnownFileType = sourcecode.c.objc; name = ReachabilityService.m; path = JSRestNetworkKit/ReachabilityService.m; sourceTree = SOURCE_ROOT; };
		1D9631F3153248BC00501145 /* WebServiceProxy.m */ = {isa = PBXFileReference; fileEncoding = 4; lastKnownFileType = sourcecode.c.objc; name = WebServiceProxy.m; path = JSRestNetworkKit/WebServiceProxy.m; sourceTree = SOURCE_ROOT; };
		1D9631F4153248BC00501145 /* WebServiceRequest.m */ = {isa = PBXFileReference; fileEncoding = 4; lastKnownFileType = sourcecode.c.objc; name = WebServiceRequest.m; path = JSRestNetworkKit/WebServiceRequest.m; sourceTree = SOURCE_ROOT; };
		1D9631F6153248BC00501145 /* WebServiceRequestParameters.m */ = {isa = PBXFileReference; fileEncoding = 4; lastKnownFileType = sourcecode.c.objc; name = WebServiceRequestParameters.m; path = JSRestNetworkKit/WebServiceRequestParameters.m; sourceTree = SOURCE_ROOT; };
		1D9631F7153248BC00501145 /* WebServiceRequestRetryQueue.m */ = {isa = PBXFileReference; fileEncoding = 4; lastKnownFileType = sourcecode.c.objc; name = WebServiceRequestRetryQueue.m; path = JSRestNetworkKit/WebServiceRequestRetryQueue.m; sourceTree = SOURCE_ROOT; };
		1D9631F8153248BC00501145 /* WebServiceResponse.m */ = {isa = PBXFileReference; fileEncoding = 4; lastKnownFileType = sourcecode.c.objc; name = WebServiceResponse.m; path = JSRestNetworkKit/WebServiceResponse.m; sourceTree = SOURCE_ROOT; };
		1D9631FA153248BC00501145 /* BaseCoreDataBackedEntity.h */ = {isa = PBXFileReference; fileEncoding = 4; lastKnownFileType = sourcecode.c.h; path = BaseCoreDataBackedEntity.h; sourceTree = "<group>"; };
		1D9631FB153248BC00501145 /* BaseCoreDataBackedEntity.m */ = {isa = PBXFileReference; fileEncoding = 4; lastKnownFileType = sourcecode.c.objc; path = BaseCoreDataBackedEntity.m; sourceTree = "<group>"; };
		1D9631FC153248BC00501145 /* BaseEntity.h */ = {isa = PBXFileReference; fileEncoding = 4; lastKnownFileType = sourcecode.c.h; path = BaseEntity.h; sourceTree = "<group>"; };
		1D9631FD153248BC00501145 /* BaseEntity.m */ = {isa = PBXFileReference; fileEncoding = 4; lastKnownFileType = sourcecode.c.objc; path = BaseEntity.m; sourceTree = "<group>"; };
		1D9631FE153248BC00501145 /* BaseEntityPrivate.h */ = {isa = PBXFileReference; fileEncoding = 4; lastKnownFileType = sourcecode.c.h; path = BaseEntityPrivate.h; sourceTree = "<group>"; };
		1D9631FF153248BC00501145 /* EntityProperty.h */ = {isa = PBXFileReference; fileEncoding = 4; lastKnownFileType = sourcecode.c.h; path = EntityProperty.h; sourceTree = "<group>"; };
		1D963200153248BC00501145 /* EntityProperty.m */ = {isa = PBXFileReference; fileEncoding = 4; lastKnownFileType = sourcecode.c.objc; path = EntityProperty.m; sourceTree = "<group>"; };
		1D963201153248BC00501145 /* EntityPropertyBool.h */ = {isa = PBXFileReference; fileEncoding = 4; lastKnownFileType = sourcecode.c.h; path = EntityPropertyBool.h; sourceTree = "<group>"; };
		1D963202153248BC00501145 /* EntityPropertyBool.m */ = {isa = PBXFileReference; fileEncoding = 4; lastKnownFileType = sourcecode.c.objc; path = EntityPropertyBool.m; sourceTree = "<group>"; };
		1D963203153248BC00501145 /* EntityPropertyDate.h */ = {isa = PBXFileReference; fileEncoding = 4; lastKnownFileType = sourcecode.c.h; path = EntityPropertyDate.h; sourceTree = "<group>"; };
		1D963204153248BC00501145 /* EntityPropertyDate.m */ = {isa = PBXFileReference; fileEncoding = 4; lastKnownFileType = sourcecode.c.objc; path = EntityPropertyDate.m; sourceTree = "<group>"; };
		1D963205153248BC00501145 /* EntityPropertyFloat.h */ = {isa = PBXFileReference; fileEncoding = 4; lastKnownFileType = sourcecode.c.h; path = EntityPropertyFloat.h; sourceTree = "<group>"; };
		1D963206153248BC00501145 /* EntityPropertyFloat.m */ = {isa = PBXFileReference; fileEncoding = 4; lastKnownFileType = sourcecode.c.objc; path = EntityPropertyFloat.m; sourceTree = "<group>"; };
		1D963207153248BC00501145 /* EntityPropertyGender.h */ = {isa = PBXFileReference; fileEncoding = 4; lastKnownFileType = sourcecode.c.h; path = EntityPropertyGender.h; sourceTree = "<group>"; };
		1D963208153248BC00501145 /* EntityPropertyGender.m */ = {isa = PBXFileReference; fileEncoding = 4; lastKnownFileType = sourcecode.c.objc; path = EntityPropertyGender.m; sourceTree = "<group>"; };
		1D963209153248BC00501145 /* EntityPropertyInt.h */ = {isa = PBXFileReference; fileEncoding = 4; lastKnownFileType = sourcecode.c.h; path = EntityPropertyInt.h; sourceTree = "<group>"; };
		1D96320A153248BC00501145 /* EntityPropertyInt.m */ = {isa = PBXFileReference; fileEncoding = 4; lastKnownFileType = sourcecode.c.objc; path = EntityPropertyInt.m; sourceTree = "<group>"; };
		1D96320D153248BC00501145 /* EntityPropertyRelationshipOneToMany.h */ = {isa = PBXFileReference; fileEncoding = 4; lastKnownFileType = sourcecode.c.h; path = EntityPropertyRelationshipOneToMany.h; sourceTree = "<group>"; };
		1D96320E153248BC00501145 /* EntityPropertyRelationshipOneToMany.m */ = {isa = PBXFileReference; fileEncoding = 4; lastKnownFileType = sourcecode.c.objc; path = EntityPropertyRelationshipOneToMany.m; sourceTree = "<group>"; };
		1D96320F153248BC00501145 /* EntityPropertyRelationshipOneToOne.h */ = {isa = PBXFileReference; fileEncoding = 4; lastKnownFileType = sourcecode.c.h; path = EntityPropertyRelationshipOneToOne.h; sourceTree = "<group>"; };
		1D963210153248BC00501145 /* EntityPropertyRelationshipOneToOne.m */ = {isa = PBXFileReference; fileEncoding = 4; lastKnownFileType = sourcecode.c.objc; path = EntityPropertyRelationshipOneToOne.m; sourceTree = "<group>"; };
		1D963211153248BC00501145 /* EntityPropertyString.h */ = {isa = PBXFileReference; fileEncoding = 4; lastKnownFileType = sourcecode.c.h; path = EntityPropertyString.h; sourceTree = "<group>"; };
		1D963212153248BC00501145 /* EntityPropertyString.m */ = {isa = PBXFileReference; fileEncoding = 4; lastKnownFileType = sourcecode.c.objc; path = EntityPropertyString.m; sourceTree = "<group>"; };
		1D963213153248BC00501145 /* EntityPropertyURL.h */ = {isa = PBXFileReference; fileEncoding = 4; lastKnownFileType = sourcecode.c.h; path = EntityPropertyURL.h; sourceTree = "<group>"; };
		1D963214153248BC00501145 /* EntityPropertyURL.m */ = {isa = PBXFileReference; fileEncoding = 4; lastKnownFileType = sourcecode.c.objc; path = EntityPropertyURL.m; sourceTree = "<group>"; };
		1D963219153248BC00501145 /* WebServiceProxyMock.h */ = {isa = PBXFileReference; fileEncoding = 4; lastKnownFileType = sourcecode.c.h; path = WebServiceProxyMock.h; sourceTree = "<group>"; };
		1D96321A153248BC00501145 /* WebServiceProxyMock.m */ = {isa = PBXFileReference; fileEncoding = 4; lastKnownFileType = sourcecode.c.objc; path = WebServiceProxyMock.m; sourceTree = "<group>"; };
		1D96321B153248BC00501145 /* WebServiceRequestMock.h */ = {isa = PBXFileReference; fileEncoding = 4; lastKnownFileType = sourcecode.c.h; path = WebServiceRequestMock.h; sourceTree = "<group>"; };
		1D96321C153248BC00501145 /* WebServiceRequestMock.m */ = {isa = PBXFileReference; fileEncoding = 4; lastKnownFileType = sourcecode.c.objc; path = WebServiceRequestMock.m; sourceTree = "<group>"; };
		1D96321E153248BC00501145 /* Reachability.h */ = {isa = PBXFileReference; fileEncoding = 4; lastKnownFileType = sourcecode.c.h; path = Reachability.h; sourceTree = "<group>"; };
		1D96321F153248BC00501145 /* Reachability.m */ = {isa = PBXFileReference; fileEncoding = 4; lastKnownFileType = sourcecode.c.objc; path = Reachability.m; sourceTree = "<group>"; };
		1D963228153248BC00501145 /* ReachabilityService.h */ = {isa = PBXFileReference; fileEncoding = 4; lastKnownFileType = sourcecode.c.h; name = ReachabilityService.h; path = JSRestNetworkKit/ReachabilityService.h; sourceTree = SOURCE_ROOT; };
		1D963229153248BC00501145 /* WebServiceProxy.h */ = {isa = PBXFileReference; fileEncoding = 4; lastKnownFileType = sourcecode.c.h; name = WebServiceProxy.h; path = JSRestNetworkKit/WebServiceProxy.h; sourceTree = SOURCE_ROOT; };
		1D96322A153248BC00501145 /* WebServiceRequest.h */ = {isa = PBXFileReference; fileEncoding = 4; lastKnownFileType = sourcecode.c.h; name = WebServiceRequest.h; path = JSRestNetworkKit/WebServiceRequest.h; sourceTree = SOURCE_ROOT; };
		1D96322C153248BC00501145 /* WebServiceRequestParameters.h */ = {isa = PBXFileReference; fileEncoding = 4; lastKnownFileType = sourcecode.c.h; name = WebServiceRequestParameters.h; path = JSRestNetworkKit/WebServiceRequestParameters.h; sourceTree = SOURCE_ROOT; };
		1D96322D153248BC00501145 /* WebServiceRequestRetryQueue.h */ = {isa = PBXFileReference; fileEncoding = 4; lastKnownFileType = sourcecode.c.h; name = WebServiceRequestRetryQueue.h; path = JSRestNetworkKit/WebServiceRequestRetryQueue.h; sourceTree = SOURCE_ROOT; };
		1D96322E153248BC00501145 /* WebServiceRequestSigning.h */ = {isa = PBXFileReference; fileEncoding = 4; lastKnownFileType = sourcecode.c.h; name = WebServiceRequestSigning.h; path = JSRestNetworkKit/WebServiceRequestSigning.h; sourceTree = SOURCE_ROOT; };
		1D96322F153248BC00501145 /* WebServiceResponse.h */ = {isa = PBXFileReference; fileEncoding = 4; lastKnownFileType = sourcecode.c.h; name = WebServiceResponse.h; path = JSRestNetworkKit/WebServiceResponse.h; sourceTree = SOURCE_ROOT; };
/* End PBXFileReference section */

/* Begin PBXFrameworksBuildPhase section */
		1D8448A21532443000F99DE1 /* Frameworks */ = {
			isa = PBXFrameworksBuildPhase;
			buildActionMask = 2147483647;
			files = (
				1D8448AA1532443000F99DE1 /* UIKit.framework in Frameworks */,
				1D8448AC1532443000F99DE1 /* Foundation.framework in Frameworks */,
				1D8448AE1532443000F99DE1 /* CoreGraphics.framework in Frameworks */,
				1D8448B01532443000F99DE1 /* CoreData.framework in Frameworks */,
			);
			runOnlyForDeploymentPostprocessing = 0;
		};
/* End PBXFrameworksBuildPhase section */

/* Begin PBXGroup section */
		1D44D07115324A1400BADD37 /* Support */ = {
			isa = PBXGroup;
			children = (
				1D44D078153251B200BADD37 /* Categories */,
				1D44D07215324A3500BADD37 /* JSMethodSwizzler.h */,
				1D44D07315324A3500BADD37 /* JSMethodSwizzler.m */,
				1D44D07515324ABB00BADD37 /* JSClassDescendantOfClass.h */,
				1D44D07615324ABB00BADD37 /* JSClassDescendantOfClass.m */,
			);
			name = Support;
			sourceTree = "<group>";
		};
		1D44D078153251B200BADD37 /* Categories */ = {
			isa = PBXGroup;
			children = (
				1D44D079153251CD00BADD37 /* NSNumber+RandomValues.h */,
				1D44D07A153251CD00BADD37 /* NSNumber+RandomValues.m */,
				1D44D07C1532520100BADD37 /* NSDate+RandomValues.h */,
				1D44D07D1532520100BADD37 /* NSDate+RandomValues.m */,
				1D44D07F1532524F00BADD37 /* NSString+RandomValues.h */,
				1D44D0801532524F00BADD37 /* NSString+RandomValues.m */,
			);
			name = Categories;
			sourceTree = "<group>";
		};
		1D44D0821532553A00BADD37 /* AFNetworking */ = {
			isa = PBXGroup;
			children = (
				1D44D0831532553A00BADD37 /* AFNetworking */,
			);
			path = AFNetworking;
			sourceTree = "<group>";
		};
		1D44D0831532553A00BADD37 /* AFNetworking */ = {
			isa = PBXGroup;
			children = (
				1D44D0841532553A00BADD37 /* AFHTTPClient.h */,
				1D44D0851532553A00BADD37 /* AFHTTPClient.m */,
				1D44D0861532553A00BADD37 /* AFHTTPRequestOperation.h */,
				1D44D0871532553A00BADD37 /* AFHTTPRequestOperation.m */,
				1D44D0881532553A00BADD37 /* AFImageRequestOperation.h */,
				1D44D0891532553A00BADD37 /* AFImageRequestOperation.m */,
				1D44D08A1532553A00BADD37 /* AFJSONRequestOperation.h */,
				1D44D08B1532553A00BADD37 /* AFJSONRequestOperation.m */,
				1D44D08C1532553A00BADD37 /* AFJSONUtilities.h */,
				1D44D08D1532553A00BADD37 /* AFJSONUtilities.m */,
				1D44D08E1532553A00BADD37 /* AFNetworkActivityIndicatorManager.h */,
				1D44D08F1532553A00BADD37 /* AFNetworkActivityIndicatorManager.m */,
				1D44D0901532553A00BADD37 /* AFNetworking.h */,
				1D44D0911532553A00BADD37 /* AFPropertyListRequestOperation.h */,
				1D44D0921532553A00BADD37 /* AFPropertyListRequestOperation.m */,
				1D44D0931532553A00BADD37 /* AFURLConnectionOperation.h */,
				1D44D0941532553A00BADD37 /* AFURLConnectionOperation.m */,
				1D44D0951532553A00BADD37 /* AFXMLRequestOperation.h */,
				1D44D0961532553A00BADD37 /* AFXMLRequestOperation.m */,
				1D44D0971532553A00BADD37 /* UIImageView+AFNetworking.h */,
				1D44D0981532553A00BADD37 /* UIImageView+AFNetworking.m */,
			);
			path = AFNetworking;
			sourceTree = "<group>";
		};
		1D44D11B1532566500BADD37 /* JSCache */ = {
			isa = PBXGroup;
			children = (
				1D44D11C1532566500BADD37 /* .gitignore */,
				1D44D11D1532566500BADD37 /* .gitmodules */,
				1D44D11E1532566500BADD37 /* JSCache.h */,
				1D44D11F1532566500BADD37 /* JSCache.m */,
				1D44D1201532566500BADD37 /* Vendor */,
			);
			path = JSCache;
			sourceTree = "<group>";
		};
		1D44D1201532566500BADD37 /* Vendor */ = {
			isa = PBXGroup;
			children = (
				1D44D1211532566500BADD37 /* EGOCache */,
			);
			path = Vendor;
			sourceTree = "<group>";
		};
		1D44D1211532566500BADD37 /* EGOCache */ = {
			isa = PBXGroup;
			children = (
				1D44D1221532566500BADD37 /* EGOCache.h */,
				1D44D1231532566500BADD37 /* EGOCache.m */,
			);
			path = EGOCache;
			sourceTree = "<group>";
		};
		1D84489A1532443000F99DE1 = {
			isa = PBXGroup;
			children = (
				1D8448B11532443000F99DE1 /* JSRestNetworkKitSampleProject */,
				1D8448A81532443000F99DE1 /* Frameworks */,
				1D8448A61532443000F99DE1 /* Products */,
			);
			sourceTree = "<group>";
		};
		1D8448A61532443000F99DE1 /* Products */ = {
			isa = PBXGroup;
			children = (
				1D8448A51532443000F99DE1 /* JSRestNetworkKitSampleProject.app */,
			);
			name = Products;
			sourceTree = "<group>";
		};
		1D8448A81532443000F99DE1 /* Frameworks */ = {
			isa = PBXGroup;
			children = (
				1D8448A91532443000F99DE1 /* UIKit.framework */,
				1D8448AB1532443000F99DE1 /* Foundation.framework */,
				1D8448AD1532443000F99DE1 /* CoreGraphics.framework */,
				1D8448AF1532443000F99DE1 /* CoreData.framework */,
			);
			name = Frameworks;
			sourceTree = "<group>";
		};
		1D8448B11532443000F99DE1 /* JSRestNetworkKitSampleProject */ = {
			isa = PBXGroup;
			children = (
				1D9631F0153248AF00501145 /* JSRestNetworkKit */,
				1D8448BA1532443000F99DE1 /* JSAppDelegate.h */,
				1D8448BB1532443000F99DE1 /* JSAppDelegate.m */,
				1D8448BD1532443000F99DE1 /* JSRestNetworkKitSampleProject.xcdatamodeld */,
				1D8448B21532443000F99DE1 /* Supporting Files */,
			);
			path = JSRestNetworkKitSampleProject;
			sourceTree = "<group>";
		};
		1D8448B21532443000F99DE1 /* Supporting Files */ = {
			isa = PBXGroup;
			children = (
				1D8448B31532443000F99DE1 /* JSRestNetworkKitSampleProject-Info.plist */,
				1D8448B41532443000F99DE1 /* InfoPlist.strings */,
				1D8448B71532443000F99DE1 /* main.m */,
				1D8448B91532443000F99DE1 /* JSRestNetworkKitSampleProject-Prefix.pch */,
			);
			name = "Supporting Files";
			sourceTree = "<group>";
		};
		1D9631F0153248AF00501145 /* JSRestNetworkKit */ = {
			isa = PBXGroup;
			children = (
				1D963228153248BC00501145 /* ReachabilityService.h */,
				1D9631F2153248BC00501145 /* ReachabilityService.m */,
				1D963229153248BC00501145 /* WebServiceProxy.h */,
				1D9631F3153248BC00501145 /* WebServiceProxy.m */,
				1D96322A153248BC00501145 /* WebServiceRequest.h */,
				1D9631F4153248BC00501145 /* WebServiceRequest.m */,
				1D96322C153248BC00501145 /* WebServiceRequestParameters.h */,
				1D9631F6153248BC00501145 /* WebServiceRequestParameters.m */,
				1D96322D153248BC00501145 /* WebServiceRequestRetryQueue.h */,
				1D9631F7153248BC00501145 /* WebServiceRequestRetryQueue.m */,
				1D96322E153248BC00501145 /* WebServiceRequestSigning.h */,
				1D96322F153248BC00501145 /* WebServiceResponse.h */,
				1D9631F8153248BC00501145 /* WebServiceResponse.m */,
				1D9631F9153248BC00501145 /* Base */,
				1D963218153248BC00501145 /* Mocks */,
				1D96321D153248BC00501145 /* Reachability */,
				1D963220153248BC00501145 /* Vendor */,
				1D44D07115324A1400BADD37 /* Support */,
			);
			name = JSRestNetworkKit;
			sourceTree = "<group>";
		};
		1D9631F9153248BC00501145 /* Base */ = {
			isa = PBXGroup;
			children = (
				1D9631FA153248BC00501145 /* BaseCoreDataBackedEntity.h */,
				1D9631FB153248BC00501145 /* BaseCoreDataBackedEntity.m */,
				1D9631FC153248BC00501145 /* BaseEntity.h */,
				1D9631FD153248BC00501145 /* BaseEntity.m */,
				1D9631FE153248BC00501145 /* BaseEntityPrivate.h */,
				1D9631FF153248BC00501145 /* EntityProperty.h */,
				1D963200153248BC00501145 /* EntityProperty.m */,
				1D963201153248BC00501145 /* EntityPropertyBool.h */,
				1D963202153248BC00501145 /* EntityPropertyBool.m */,
				1D963203153248BC00501145 /* EntityPropertyDate.h */,
				1D963204153248BC00501145 /* EntityPropertyDate.m */,
				1D963205153248BC00501145 /* EntityPropertyFloat.h */,
				1D963206153248BC00501145 /* EntityPropertyFloat.m */,
				1D963207153248BC00501145 /* EntityPropertyGender.h */,
				1D963208153248BC00501145 /* EntityPropertyGender.m */,
				1D963209153248BC00501145 /* EntityPropertyInt.h */,
				1D96320A153248BC00501145 /* EntityPropertyInt.m */,
				1D96320D153248BC00501145 /* EntityPropertyRelationshipOneToMany.h */,
				1D96320E153248BC00501145 /* EntityPropertyRelationshipOneToMany.m */,
				1D96320F153248BC00501145 /* EntityPropertyRelationshipOneToOne.h */,
				1D963210153248BC00501145 /* EntityPropertyRelationshipOneToOne.m */,
				1D963211153248BC00501145 /* EntityPropertyString.h */,
				1D963212153248BC00501145 /* EntityPropertyString.m */,
				1D963213153248BC00501145 /* EntityPropertyURL.h */,
				1D963214153248BC00501145 /* EntityPropertyURL.m */,
			);
			name = Base;
			path = JSRestNetworkKit/Base;
			sourceTree = SOURCE_ROOT;
		};
		1D963218153248BC00501145 /* Mocks */ = {
			isa = PBXGroup;
			children = (
				1D963219153248BC00501145 /* WebServiceProxyMock.h */,
				1D96321A153248BC00501145 /* WebServiceProxyMock.m */,
				1D96321B153248BC00501145 /* WebServiceRequestMock.h */,
				1D96321C153248BC00501145 /* WebServiceRequestMock.m */,
			);
			name = Mocks;
			path = JSRestNetworkKit/Mocks;
			sourceTree = SOURCE_ROOT;
		};
		1D96321D153248BC00501145 /* Reachability */ = {
			isa = PBXGroup;
			children = (
				1D96321E153248BC00501145 /* Reachability.h */,
				1D96321F153248BC00501145 /* Reachability.m */,
			);
			name = Reachability;
			path = JSRestNetworkKit/Reachability;
			sourceTree = SOURCE_ROOT;
		};
		1D963220153248BC00501145 /* Vendor */ = {
			isa = PBXGroup;
			children = (
				1D44D0821532553A00BADD37 /* AFNetworking */,
				1D44D11B1532566500BADD37 /* JSCache */,
			);
			name = Vendor;
			path = JSRestNetworkKit/Vendor;
			sourceTree = SOURCE_ROOT;
		};
/* End PBXGroup section */

/* Begin PBXNativeTarget section */
		1D8448A41532443000F99DE1 /* JSRestNetworkKitSampleProject */ = {
			isa = PBXNativeTarget;
			buildConfigurationList = 1D8448C21532443000F99DE1 /* Build configuration list for PBXNativeTarget "JSRestNetworkKitSampleProject" */;
			buildPhases = (
				1D8448A11532443000F99DE1 /* Sources */,
				1D8448A21532443000F99DE1 /* Frameworks */,
				1D8448A31532443000F99DE1 /* Resources */,
			);
			buildRules = (
			);
			dependencies = (
			);
			name = JSRestNetworkKitSampleProject;
			productName = JSRestNetworkKitSampleProject;
			productReference = 1D8448A51532443000F99DE1 /* JSRestNetworkKitSampleProject.app */;
			productType = "com.apple.product-type.application";
		};
/* End PBXNativeTarget section */

/* Begin PBXProject section */
		1D84489C1532443000F99DE1 /* Project object */ = {
			isa = PBXProject;
			attributes = {
				CLASSPREFIX = JS;
				LastUpgradeCheck = 0440;
				ORGANIZATIONNAME = MindSnacks;
			};
			buildConfigurationList = 1D84489F1532443000F99DE1 /* Build configuration list for PBXProject "JSRestNetworkKitSampleProject" */;
			compatibilityVersion = "Xcode 3.2";
			developmentRegion = English;
			hasScannedForEncodings = 0;
			knownRegions = (
				en,
			);
			mainGroup = 1D84489A1532443000F99DE1;
			productRefGroup = 1D8448A61532443000F99DE1 /* Products */;
			projectDirPath = "";
			projectRoot = "";
			targets = (
				1D8448A41532443000F99DE1 /* JSRestNetworkKitSampleProject */,
			);
		};
/* End PBXProject section */

/* Begin PBXResourcesBuildPhase section */
		1D8448A31532443000F99DE1 /* Resources */ = {
			isa = PBXResourcesBuildPhase;
			buildActionMask = 2147483647;
			files = (
				1D8448B61532443000F99DE1 /* InfoPlist.strings in Resources */,
				1D44D1241532566500BADD37 /* .gitignore in Resources */,
				1D44D1251532566500BADD37 /* .gitmodules in Resources */,
			);
			runOnlyForDeploymentPostprocessing = 0;
		};
/* End PBXResourcesBuildPhase section */

/* Begin PBXSourcesBuildPhase section */
		1D8448A11532443000F99DE1 /* Sources */ = {
			isa = PBXSourcesBuildPhase;
			buildActionMask = 2147483647;
			files = (
				1D8448B81532443000F99DE1 /* main.m in Sources */,
				1D8448BC1532443000F99DE1 /* JSAppDelegate.m in Sources */,
				1D8448BF1532443000F99DE1 /* JSRestNetworkKitSampleProject.xcdatamodeld in Sources */,
				1D963230153248BC00501145 /* ReachabilityService.m in Sources */,
				1D963231153248BC00501145 /* WebServiceProxy.m in Sources */,
				1D963232153248BC00501145 /* WebServiceRequest.m in Sources */,
				1D963234153248BC00501145 /* WebServiceRequestParameters.m in Sources */,
				1D963235153248BC00501145 /* WebServiceRequestRetryQueue.m in Sources */,
				1D963236153248BC00501145 /* WebServiceResponse.m in Sources */,
				1D963237153248BC00501145 /* BaseCoreDataBackedEntity.m in Sources */,
				1D963238153248BC00501145 /* BaseEntity.m in Sources */,
				1D963239153248BC00501145 /* EntityProperty.m in Sources */,
				1D96323A153248BC00501145 /* EntityPropertyBool.m in Sources */,
				1D96323B153248BC00501145 /* EntityPropertyDate.m in Sources */,
				1D96323C153248BC00501145 /* EntityPropertyFloat.m in Sources */,
				1D96323D153248BC00501145 /* EntityPropertyGender.m in Sources */,
				1D96323E153248BC00501145 /* EntityPropertyInt.m in Sources */,
				1D963240153248BC00501145 /* EntityPropertyRelationshipOneToMany.m in Sources */,
				1D963241153248BC00501145 /* EntityPropertyRelationshipOneToOne.m in Sources */,
				1D963242153248BC00501145 /* EntityPropertyString.m in Sources */,
				1D963243153248BC00501145 /* EntityPropertyURL.m in Sources */,
				1D963245153248BC00501145 /* WebServiceProxyMock.m in Sources */,
				1D963246153248BC00501145 /* WebServiceRequestMock.m in Sources */,
				1D963247153248BC00501145 /* Reachability.m in Sources */,
				1D44D07415324A3500BADD37 /* JSMethodSwizzler.m in Sources */,
				1D44D07715324ABB00BADD37 /* JSClassDescendantOfClass.m in Sources */,
				1D44D07B153251CD00BADD37 /* NSNumber+RandomValues.m in Sources */,
				1D44D07E1532520100BADD37 /* NSDate+RandomValues.m in Sources */,
				1D44D0811532524F00BADD37 /* NSString+RandomValues.m in Sources */,
				1D44D0EA1532553A00BADD37 /* AFHTTPClient.m in Sources */,
				1D44D0EB1532553A00BADD37 /* AFHTTPRequestOperation.m in Sources */,
				1D44D0EC1532553A00BADD37 /* AFImageRequestOperation.m in Sources */,
				1D44D0ED1532553A00BADD37 /* AFJSONRequestOperation.m in Sources */,
				1D44D0EE1532553A00BADD37 /* AFJSONUtilities.m in Sources */,
				1D44D0EF1532553A00BADD37 /* AFNetworkActivityIndicatorManager.m in Sources */,
				1D44D0F01532553A00BADD37 /* AFPropertyListRequestOperation.m in Sources */,
				1D44D0F11532553A00BADD37 /* AFURLConnectionOperation.m in Sources */,
				1D44D0F21532553A00BADD37 /* AFXMLRequestOperation.m in Sources */,
				1D44D0F31532553A00BADD37 /* UIImageView+AFNetworking.m in Sources */,
				1D44D1261532566500BADD37 /* JSCache.m in Sources */,
				1D44D1271532566500BADD37 /* EGOCache.m in Sources */,
			);
			runOnlyForDeploymentPostprocessing = 0;
		};
/* End PBXSourcesBuildPhase section */

/* Begin PBXVariantGroup section */
		1D8448B41532443000F99DE1 /* InfoPlist.strings */ = {
			isa = PBXVariantGroup;
			children = (
				1D8448B51532443000F99DE1 /* en */,
			);
			name = InfoPlist.strings;
			sourceTree = "<group>";
		};
/* End PBXVariantGroup section */

/* Begin XCBuildConfiguration section */
		1D8448C01532443000F99DE1 /* Debug */ = {
			isa = XCBuildConfiguration;
			buildSettings = {
				ALWAYS_SEARCH_USER_PATHS = NO;
				ARCHS = "$(ARCHS_STANDARD_32_BIT)";
				CLANG_WARN__DUPLICATE_METHOD_MATCH = YES;
				"CODE_SIGN_IDENTITY[sdk=iphoneos*]" = "iPhone Developer";
				COPY_PHASE_STRIP = NO;
				GCC_C_LANGUAGE_STANDARD = gnu99;
				GCC_DYNAMIC_NO_PIC = NO;
				GCC_OPTIMIZATION_LEVEL = 0;
				GCC_PREPROCESSOR_DEFINITIONS = (
					"DEBUG=1",
					"$(inherited)",
				);
				GCC_SYMBOLS_PRIVATE_EXTERN = NO;
				GCC_VERSION = com.apple.compilers.llvm.clang.1_0;
				GCC_WARN_ABOUT_RETURN_TYPE = YES;
				GCC_WARN_UNINITIALIZED_AUTOS = YES;
				GCC_WARN_UNUSED_VARIABLE = YES;
				IPHONEOS_DEPLOYMENT_TARGET = 5.1;
				SDKROOT = iphoneos;
			};
			name = Debug;
		};
		1D8448C11532443000F99DE1 /* Release */ = {
			isa = XCBuildConfiguration;
			buildSettings = {
				ALWAYS_SEARCH_USER_PATHS = NO;
				ARCHS = "$(ARCHS_STANDARD_32_BIT)";
				CLANG_WARN__DUPLICATE_METHOD_MATCH = YES;
				"CODE_SIGN_IDENTITY[sdk=iphoneos*]" = "iPhone Developer";
				COPY_PHASE_STRIP = YES;
				GCC_C_LANGUAGE_STANDARD = gnu99;
				GCC_VERSION = com.apple.compilers.llvm.clang.1_0;
				GCC_WARN_ABOUT_RETURN_TYPE = YES;
				GCC_WARN_UNINITIALIZED_AUTOS = YES;
				GCC_WARN_UNUSED_VARIABLE = YES;
				IPHONEOS_DEPLOYMENT_TARGET = 5.1;
				OTHER_CFLAGS = "-DNS_BLOCK_ASSERTIONS=1";
				SDKROOT = iphoneos;
				VALIDATE_PRODUCT = YES;
			};
			name = Release;
		};
		1D8448C31532443000F99DE1 /* Debug */ = {
			isa = XCBuildConfiguration;
			buildSettings = {
				GCC_PRECOMPILE_PREFIX_HEADER = YES;
				GCC_PREFIX_HEADER = "JSRestNetworkKitSampleProject/JSRestNetworkKitSampleProject-Prefix.pch";
				INFOPLIST_FILE = "JSRestNetworkKitSampleProject/JSRestNetworkKitSampleProject-Info.plist";
				PRODUCT_NAME = "$(TARGET_NAME)";
				WRAPPER_EXTENSION = app;
			};
			name = Debug;
		};
		1D8448C41532443000F99DE1 /* Release */ = {
			isa = XCBuildConfiguration;
			buildSettings = {
				GCC_PRECOMPILE_PREFIX_HEADER = YES;
				GCC_PREFIX_HEADER = "JSRestNetworkKitSampleProject/JSRestNetworkKitSampleProject-Prefix.pch";
				INFOPLIST_FILE = "JSRestNetworkKitSampleProject/JSRestNetworkKitSampleProject-Info.plist";
				PRODUCT_NAME = "$(TARGET_NAME)";
				WRAPPER_EXTENSION = app;
			};
			name = Release;
		};
/* End XCBuildConfiguration section */

/* Begin XCConfigurationList section */
		1D84489F1532443000F99DE1 /* Build configuration list for PBXProject "JSRestNetworkKitSampleProject" */ = {
			isa = XCConfigurationList;
			buildConfigurations = (
				1D8448C01532443000F99DE1 /* Debug */,
				1D8448C11532443000F99DE1 /* Release */,
			);
			defaultConfigurationIsVisible = 0;
			defaultConfigurationName = Release;
		};
		1D8448C21532443000F99DE1 /* Build configuration list for PBXNativeTarget "JSRestNetworkKitSampleProject" */ = {
			isa = XCConfigurationList;
			buildConfigurations = (
				1D8448C31532443000F99DE1 /* Debug */,
				1D8448C41532443000F99DE1 /* Release */,
			);
			defaultConfigurationIsVisible = 0;
			defaultConfigurationName = Release;
		};
/* End XCConfigurationList section */

/* Begin XCVersionGroup section */
		1D8448BD1532443000F99DE1 /* JSRestNetworkKitSampleProject.xcdatamodeld */ = {
			isa = XCVersionGroup;
			children = (
				1D8448BE1532443000F99DE1 /* JSRestNetworkKitSampleProject.xcdatamodel */,
			);
			currentVersion = 1D8448BE1532443000F99DE1 /* JSRestNetworkKitSampleProject.xcdatamodel */;
			path = JSRestNetworkKitSampleProject.xcdatamodeld;
			sourceTree = "<group>";
			versionGroupType = wrapper.xcdatamodel;
		};
/* End XCVersionGroup section */
	};
	rootObject = 1D84489C1532443000F99DE1 /* Project object */;
}
